aead.dev/minisign v0.3.0 h1:8Xafzy5PEVZqYDNP60yJHARlW1eOQtsKNp/Ph2c0vRA=
aead.dev/minisign v0.3.0/go.mod h1:NLvG3Uoq3skkRMDuc3YHpWUTMTrSExqm+Ij73W13F6Y=
github.com/awnumar/memcall v0.4.0 h1:B7hgZYdfH6Ot1Goaz8jGne/7i8xD4taZie/PNSFZ29g=
github.com/awnumar/memcall v0.4.0/go.mod h1:8xOx1YbfyuCg3Fy6TO8DK0kZUua3V42/goA5Ru47E8w=
github.com/awnumar/memguard v0.23.0 h1:sJ3a1/SWlcuKIQ7MV+R9p0Pvo9CWsMbGZvcZQtmc68A=
github.com/awnumar/memguard v0.23.0/go.mod h1:olVofBrsPdITtJ2HgxQKrEYEMyIBAIciVG4wNnZhW9M=
golang.org/x/crypto v0.52.0 h1:RMs7fP2rXdep0CftQlK8Uf+kibLm7qkCcradZWYz988=
golang.org/x/crypto v0.52.0/go.mod h1:1QgfPxDqh0T2M/elOJtp9RvuR95kVjir0e6/BvEmGbc=
golang.org/x/sys v0.47.0 h1:o7XGOvZQCADBQQ4Y7VNq2dRWQR7JmOUW8Kxx4ZsNgWs=
golang.org/x/sys v0.47.0/go.mod h1:4GL1E5IUh+htKOUEOaiffhrAeqysfVGipDYzABqnCmw=
